// !$*UTF8*$!
{
	archiveVersion = 1;
	classes = {
	};
	objectVersion = 46;
	objects = {

/* Begin PBXBuildFile section */
		8DDA3F281BD211AD00323A48 /* AppDelegate.swift in Sources */ = {isa = PBXBuildFile; fileRef = 8DDA3F271BD211AD00323A48 /* AppDelegate.swift */; };
		8DDA3F2A1BD211AD00323A48 /* ViewController.swift in Sources */ = {isa = PBXBuildFile; fileRef = 8DDA3F291BD211AD00323A48 /* ViewController.swift */; };
		8DDA3F2D1BD211AD00323A48 /* Main.storyboard in Resources */ = {isa = PBXBuildFile; fileRef = 8DDA3F2B1BD211AD00323A48 /* Main.storyboard */; };
		8DDA3F2F1BD211AD00323A48 /* Assets.xcassets in Resources */ = {isa = PBXBuildFile; fileRef = 8DDA3F2E1BD211AD00323A48 /* Assets.xcassets */; };
		8DDA3F321BD211AD00323A48 /* LaunchScreen.storyboard in Resources */ = {isa = PBXBuildFile; fileRef = 8DDA3F301BD211AD00323A48 /* LaunchScreen.storyboard */; };
		8DDA3F3D1BD211AD00323A48 /* BoilerMakeIIITests.swift in Sources */ = {isa = PBXBuildFile; fileRef = 8DDA3F3C1BD211AD00323A48 /* BoilerMakeIIITests.swift */; };
		8DDA3F481BD211AD00323A48 /* BoilerMakeIIIUITests.swift in Sources */ = {isa = PBXBuildFile; fileRef = 8DDA3F471BD211AD00323A48 /* BoilerMakeIIIUITests.swift */; };
/* End PBXBuildFile section */

/* Begin PBXContainerItemProxy section */
		8DDA3F391BD211AD00323A48 /* PBXContainerItemProxy */ = {
			isa = PBXContainerItemProxy;
			containerPortal = 8DDA3F1C1BD211AD00323A48 /* Project object */;
			proxyType = 1;
			remoteGlobalIDString = 8DDA3F231BD211AD00323A48;
			remoteInfo = BoilerMakeIII;
		};
		8DDA3F441BD211AD00323A48 /* PBXContainerItemProxy */ = {
			isa = PBXContainerItemProxy;
			containerPortal = 8DDA3F1C1BD211AD00323A48 /* Project object */;
			proxyType = 1;
			remoteGlobalIDString = 8DDA3F231BD211AD00323A48;
			remoteInfo = BoilerMakeIII;
		};
/* End PBXContainerItemProxy section */

/* Begin PBXFileReference section */
		8DDA3F241BD211AD00323A48 /* BoilerMakeIII.app */ = {isa = PBXFileReference; explicitFileType = wrapper.application; includeInIndex = 0; path = BoilerMakeIII.app; sourceTree = BUILT_PRODUCTS_DIR; };
		8DDA3F271BD211AD00323A48 /* AppDelegate.swift */ = {isa = PBXFileReference; lastKnownFileType = sourcecode.swift; path = AppDelegate.swift; sourceTree = "<group>"; };
		8DDA3F291BD211AD00323A48 /* ViewController.swift */ = {isa = PBXFileReference; lastKnownFileType = sourcecode.swift; path = ViewController.swift; sourceTree = "<group>"; };
		8DDA3F2C1BD211AD00323A48 /* Base */ = {isa = PBXFileReference; lastKnownFileType = file.storyboard; name = Base; path = Base.lproj/Main.storyboard; sourceTree = "<group>"; };
		8DDA3F2E1BD211AD00323A48 /* Assets.xcassets */ = {isa = PBXFileReference; lastKnownFileType = folder.assetcatalog; path = Assets.xcassets; sourceTree = "<group>"; };
		8DDA3F311BD211AD00323A48 /* Base */ = {isa = PBXFileReference; lastKnownFileType = file.storyboard; name = Base; path = Base.lproj/LaunchScreen.storyboard; sourceTree = "<group>"; };
		8DDA3F331BD211AD00323A48 /* Info.plist */ = {isa = PBXFileReference; lastKnownFileType = text.plist.xml; path = Info.plist; sourceTree = "<group>"; };
		8DDA3F381BD211AD00323A48 /* BoilerMakeIIITests.xctest */ = {isa = PBXFileReference; explicitFileType = wrapper.cfbundle; includeInIndex = 0; path = BoilerMakeIIITests.xctest; sourceTree = BUILT_PRODUCTS_DIR; };
		8DDA3F3C1BD211AD00323A48 /* BoilerMakeIIITests.swift */ = {isa = PBXFileReference; lastKnownFileType = sourcecode.swift; path = BoilerMakeIIITests.swift; sourceTree = "<group>"; };
		8DDA3F3E1BD211AD00323A48 /* Info.plist */ = {isa = PBXFileReference; lastKnownFileType = text.plist.xml; path = Info.plist; sourceTree = "<group>"; };
		8DDA3F431BD211AD00323A48 /* BoilerMakeIIIUITests.xctest */ = {isa = PBXFileReference; explicitFileType = wrapper.cfbundle; includeInIndex = 0; path = BoilerMakeIIIUITests.xctest; sourceTree = BUILT_PRODUCTS_DIR; };
		8DDA3F471BD211AD00323A48 /* BoilerMakeIIIUITests.swift */ = {isa = PBXFileReference; lastKnownFileType = sourcecode.swift; path = BoilerMakeIIIUITests.swift; sourceTree = "<group>"; };
		8DDA3F491BD211AD00323A48 /* Info.plist */ = {isa = PBXFileReference; lastKnownFileType = text.plist.xml; path = Info.plist; sourceTree = "<group>"; };
/* End PBXFileReference section */

/* Begin PBXFrameworksBuildPhase section */
		8DDA3F211BD211AD00323A48 /* Frameworks */ = {
			isa = PBXFrameworksBuildPhase;
			buildActionMask = 2147483647;
			files = (
			);
			runOnlyForDeploymentPostprocessing = 0;
		};
		8DDA3F351BD211AD00323A48 /* Frameworks */ = {
			isa = PBXFrameworksBuildPhase;
			buildActionMask = 2147483647;
			files = (
			);
			runOnlyForDeploymentPostprocessing = 0;
		};
		8DDA3F401BD211AD00323A48 /* Frameworks */ = {
			isa = PBXFrameworksBuildPhase;
			buildActionMask = 2147483647;
			files = (
			);
			runOnlyForDeploymentPostprocessing = 0;
		};
/* End PBXFrameworksBuildPhase section */

/* Begin PBXGroup section */
		8DDA3F1B1BD211AD00323A48 = {
			isa = PBXGroup;
			children = (
				8DDA3F261BD211AD00323A48 /* BoilerMakeIII */,
				8DDA3F3B1BD211AD00323A48 /* BoilerMakeIIITests */,
				8DDA3F461BD211AD00323A48 /* BoilerMakeIIIUITests */,
				8DDA3F251BD211AD00323A48 /* Products */,
			);
			sourceTree = "<group>";
		};
		8DDA3F251BD211AD00323A48 /* Products */ = {
			isa = PBXGroup;
			children = (
				8DDA3F241BD211AD00323A48 /* BoilerMakeIII.app */,
				8DDA3F381BD211AD00323A48 /* BoilerMakeIIITests.xctest */,
				8DDA3F431BD211AD00323A48 /* BoilerMakeIIIUITests.xctest */,
			);
			name = Products;
			sourceTree = "<group>";
		};
		8DDA3F261BD211AD00323A48 /* BoilerMakeIII */ = {
			isa = PBXGroup;
			children = (
				8DDA3F271BD211AD00323A48 /* AppDelegate.swift */,
				8DDA3F291BD211AD00323A48 /* ViewController.swift */,
				8DDA3F2B1BD211AD00323A48 /* Main.storyboard */,
				8DDA3F2E1BD211AD00323A48 /* Assets.xcassets */,
				8DDA3F301BD211AD00323A48 /* LaunchScreen.storyboard */,
				8DDA3F331BD211AD00323A48 /* Info.plist */,
			);
			path = BoilerMakeIII;
			sourceTree = "<group>";
		};
		8DDA3F3B1BD211AD00323A48 /* BoilerMakeIIITests */ = {
			isa = PBXGroup;
			children = (
				8DDA3F3C1BD211AD00323A48 /* BoilerMakeIIITests.swift */,
				8DDA3F3E1BD211AD00323A48 /* Info.plist */,
			);
			path = BoilerMakeIIITests;
			sourceTree = "<group>";
		};
		8DDA3F461BD211AD00323A48 /* BoilerMakeIIIUITests */ = {
			isa = PBXGroup;
			children = (
				8DDA3F471BD211AD00323A48 /* BoilerMakeIIIUITests.swift */,
				8DDA3F491BD211AD00323A48 /* Info.plist */,
			);
			path = BoilerMakeIIIUITests;
			sourceTree = "<group>";
		};
/* End PBXGroup section */

/* Begin PBXNativeTarget section */
		8DDA3F231BD211AD00323A48 /* BoilerMakeIII */ = {
			isa = PBXNativeTarget;
			buildConfigurationList = 8DDA3F4C1BD211AD00323A48 /* Build configuration list for PBXNativeTarget "BoilerMakeIII" */;
			buildPhases = (
				8DDA3F201BD211AD00323A48 /* Sources */,
				8DDA3F211BD211AD00323A48 /* Frameworks */,
				8DDA3F221BD211AD00323A48 /* Resources */,
			);
			buildRules = (
			);
			dependencies = (
			);
			name = BoilerMakeIII;
			productName = BoilerMakeIII;
			productReference = 8DDA3F241BD211AD00323A48 /* BoilerMakeIII.app */;
			productType = "com.apple.product-type.application";
		};
		8DDA3F371BD211AD00323A48 /* BoilerMakeIIITests */ = {
			isa = PBXNativeTarget;
			buildConfigurationList = 8DDA3F4F1BD211AD00323A48 /* Build configuration list for PBXNativeTarget "BoilerMakeIIITests" */;
			buildPhases = (
				8DDA3F341BD211AD00323A48 /* Sources */,
				8DDA3F351BD211AD00323A48 /* Frameworks */,
				8DDA3F361BD211AD00323A48 /* Resources */,
			);
			buildRules = (
			);
			dependencies = (
				8DDA3F3A1BD211AD00323A48 /* PBXTargetDependency */,
			);
			name = BoilerMakeIIITests;
			productName = BoilerMakeIIITests;
			productReference = 8DDA3F381BD211AD00323A48 /* BoilerMakeIIITests.xctest */;
			productType = "com.apple.product-type.bundle.unit-test";
		};
		8DDA3F421BD211AD00323A48 /* BoilerMakeIIIUITests */ = {
			isa = PBXNativeTarget;
			buildConfigurationList = 8DDA3F521BD211AD00323A48 /* Build configuration list for PBXNativeTarget "BoilerMakeIIIUITests" */;
			buildPhases = (
				8DDA3F3F1BD211AD00323A48 /* Sources */,
				8DDA3F401BD211AD00323A48 /* Frameworks */,
				8DDA3F411BD211AD00323A48 /* Resources */,
			);
			buildRules = (
			);
			dependencies = (
				8DDA3F451BD211AD00323A48 /* PBXTargetDependency */,
			);
			name = BoilerMakeIIIUITests;
			productName = BoilerMakeIIIUITests;
			productReference = 8DDA3F431BD211AD00323A48 /* BoilerMakeIIIUITests.xctest */;
			productType = "com.apple.product-type.bundle.ui-testing";
		};
/* End PBXNativeTarget section */

/* Begin PBXProject section */
		8DDA3F1C1BD211AD00323A48 /* Project object */ = {
			isa = PBXProject;
			attributes = {
				LastUpgradeCheck = 0700;
				ORGANIZATIONNAME = "Yi Qin";
				TargetAttributes = {
					8DDA3F231BD211AD00323A48 = {
						CreatedOnToolsVersion = 7.0.1;
					};
					8DDA3F371BD211AD00323A48 = {
						CreatedOnToolsVersion = 7.0.1;
						TestTargetID = 8DDA3F231BD211AD00323A48;
					};
					8DDA3F421BD211AD00323A48 = {
						CreatedOnToolsVersion = 7.0.1;
						TestTargetID = 8DDA3F231BD211AD00323A48;
					};
				};
			};
			buildConfigurationList = 8DDA3F1F1BD211AD00323A48 /* Build configuration list for PBXProject "BoilerMakeIII" */;
			compatibilityVersion = "Xcode 3.2";
			developmentRegion = English;
			hasScannedForEncodings = 0;
			knownRegions = (
				en,
				Base,
			);
			mainGroup = 8DDA3F1B1BD211AD00323A48;
			productRefGroup = 8DDA3F251BD211AD00323A48 /* Products */;
			projectDirPath = "";
			projectRoot = "";
			targets = (
				8DDA3F231BD211AD00323A48 /* BoilerMakeIII */,
				8DDA3F371BD211AD00323A48 /* BoilerMakeIIITests */,
				8DDA3F421BD211AD00323A48 /* BoilerMakeIIIUITests */,
			);
		};
/* End PBXProject section */

/* Begin PBXResourcesBuildPhase section */
		8DDA3F221BD211AD00323A48 /* Resources */ = {
			isa = PBXResourcesBuildPhase;
			buildActionMask = 2147483647;
			files = (
				8DDA3F321BD211AD00323A48 /* LaunchScreen.storyboard in Resources */,
				8DDA3F2F1BD211AD00323A48 /* Assets.xcassets in Resources */,
				8DDA3F2D1BD211AD00323A48 /* Main.storyboard in Resources */,
			);
			runOnlyForDeploymentPostprocessing = 0;
		};
		8DDA3F361BD211AD00323A48 /* Resources */ = {
			isa = PBXResourcesBuildPhase;
			buildActionMask = 2147483647;
			files = (
			);
			runOnlyForDeploymentPostprocessing = 0;
		};
		8DDA3F411BD211AD00323A48 /* Resources */ = {
			isa = PBXResourcesBuildPhase;
			buildActionMask = 2147483647;
			files = (
			);
			runOnlyForDeploymentPostprocessing = 0;
		};
/* End PBXResourcesBuildPhase section */

/* Begin PBXSourcesBuildPhase section */
		8DDA3F201BD211AD00323A48 /* Sources */ = {
			isa = PBXSourcesBuildPhase;
			buildActionMask = 2147483647;
			files = (
				8DDA3F2A1BD211AD00323A48 /* ViewController.swift in Sources */,
				8DDA3F281BD211AD00323A48 /* AppDelegate.swift in Sources */,
			);
			runOnlyForDeploymentPostprocessing = 0;
		};
		8DDA3F341BD211AD00323A48 /* Sources */ = {
			isa = PBXSourcesBuildPhase;
			buildActionMask = 2147483647;
			files = (
				8DDA3F3D1BD211AD00323A48 /* BoilerMakeIIITests.swift in Sources */,
			);
			runOnlyForDeploymentPostprocessing = 0;
		};
		8DDA3F3F1BD211AD00323A48 /* Sources */ = {
			isa = PBXSourcesBuildPhase;
			buildActionMask = 2147483647;
			files = (
				8DDA3F481BD211AD00323A48 /* BoilerMakeIIIUITests.swift in Sources */,
			);
			runOnlyForDeploymentPostprocessing = 0;
		};
/* End PBXSourcesBuildPhase section */

/* Begin PBXTargetDependency section */
		8DDA3F3A1BD211AD00323A48 /* PBXTargetDependency */ = {
			isa = PBXTargetDependency;
			target = 8DDA3F231BD211AD00323A48 /* BoilerMakeIII */;
			targetProxy = 8DDA3F391BD211AD00323A48 /* PBXContainerItemProxy */;
		};
		8DDA3F451BD211AD00323A48 /* PBXTargetDependency */ = {
			isa = PBXTargetDependency;
			target = 8DDA3F231BD211AD00323A48 /* BoilerMakeIII */;
			targetProxy = 8DDA3F441BD211AD00323A48 /* PBXContainerItemProxy */;
		};
/* End PBXTargetDependency section */

/* Begin PBXVariantGroup section */
		8DDA3F2B1BD211AD00323A48 /* Main.storyboard */ = {
			isa = PBXVariantGroup;
			children = (
				8DDA3F2C1BD211AD00323A48 /* Base */,
			);
			name = Main.storyboard;
			sourceTree = "<group>";
		};
		8DDA3F301BD211AD00323A48 /* LaunchScreen.storyboard */ = {
			isa = PBXVariantGroup;
			children = (
				8DDA3F311BD211AD00323A48 /* Base */,
			);
			name = LaunchScreen.storyboard;
			sourceTree = "<group>";
		};
/* End PBXVariantGroup section */

/* Begin XCBuildConfiguration section */
		8DDA3F4A1BD211AD00323A48 /* Debug */ = {
			isa = XCBuildConfiguration;
			buildSettings = {
				ALWAYS_SEARCH_USER_PATHS = NO;
				CLANG_CXX_LANGUAGE_STANDARD = "gnu++0x";
				CLANG_CXX_LIBRARY = "libc++";
				CLANG_ENABLE_MODULES = YES;
				CLANG_ENABLE_OBJC_ARC = YES;
				CLANG_WARN_BOOL_CONVERSION = YES;
				CLANG_WARN_CONSTANT_CONVERSION = YES;
				CLANG_WARN_DIRECT_OBJC_ISA_USAGE = YES_ERROR;
				CLANG_WARN_EMPTY_BODY = YES;
				CLANG_WARN_ENUM_CONVERSION = YES;
				CLANG_WARN_INT_CONVERSION = YES;
				CLANG_WARN_OBJC_ROOT_CLASS = YES_ERROR;
				CLANG_WARN_UNREACHABLE_CODE = YES;
				CLANG_WARN__DUPLICATE_METHOD_MATCH = YES;
				"CODE_SIGN_IDENTITY[sdk=iphoneos*]" = "iPhone Developer";
				COPY_PHASE_STRIP = NO;
				DEBUG_INFORMATION_FORMAT = dwarf;
				ENABLE_STRICT_OBJC_MSGSEND = YES;
				ENABLE_TESTABILITY = YES;
				GCC_C_LANGUAGE_STANDARD = gnu99;
				GCC_DYNAMIC_NO_PIC = NO;
				GCC_NO_COMMON_BLOCKS = YES;
				GCC_OPTIMIZATION_LEVEL = 0;
				GCC_PREPROCESSOR_DEFINITIONS = (
					"DEBUG=1",
					"$(inherited)",
				);
				GCC_WARN_64_TO_32_BIT_CONVERSION = YES;
				GCC_WARN_ABOUT_RETURN_TYPE = YES_ERROR;
				GCC_WARN_UNDECLARED_SELECTOR = YES;
				GCC_WARN_UNINITIALIZED_AUTOS = YES_AGGRESSIVE;
				GCC_WARN_UNUSED_FUNCTION = YES;
				GCC_WARN_UNUSED_VARIABLE = YES;
				IPHONEOS_DEPLOYMENT_TARGET = 9.0;
				MTL_ENABLE_DEBUG_INFO = YES;
				ONLY_ACTIVE_ARCH = YES;
				SDKROOT = iphoneos;
				SWIFT_OPTIMIZATION_LEVEL = "-Onone";
			};
			name = Debug;
		};
		8DDA3F4B1BD211AD00323A48 /* Release */ = {
			isa = XCBuildConfiguration;
			buildSettings = {
				ALWAYS_SEARCH_USER_PATHS = NO;
				CLANG_CXX_LANGUAGE_STANDARD = "gnu++0x";
				CLANG_CXX_LIBRARY = "libc++";
				CLANG_ENABLE_MODULES = YES;
				CLANG_ENABLE_OBJC_ARC = YES;
				CLANG_WARN_BOOL_CONVERSION = YES;
				CLANG_WARN_CONSTANT_CONVERSION = YES;
				CLANG_WARN_DIRECT_OBJC_ISA_USAGE = YES_ERROR;
				CLANG_WARN_EMPTY_BODY = YES;
				CLANG_WARN_ENUM_CONVERSION = YES;
				CLANG_WARN_INT_CONVERSION = YES;
				CLANG_WARN_OBJC_ROOT_CLASS = YES_ERROR;
				CLANG_WARN_UNREACHABLE_CODE = YES;
				CLANG_WARN__DUPLICATE_METHOD_MATCH = YES;
				"CODE_SIGN_IDENTITY[sdk=iphoneos*]" = "iPhone Developer";
				COPY_PHASE_STRIP = NO;
				DEBUG_INFORMATION_FORMAT = "dwarf-with-dsym";
				ENABLE_NS_ASSERTIONS = NO;
				ENABLE_STRICT_OBJC_MSGSEND = YES;
				GCC_C_LANGUAGE_STANDARD = gnu99;
				GCC_NO_COMMON_BLOCKS = YES;
				GCC_WARN_64_TO_32_BIT_CONVERSION = YES;
				GCC_WARN_ABOUT_RETURN_TYPE = YES_ERROR;
				GCC_WARN_UNDECLARED_SELECTOR = YES;
				GCC_WARN_UNINITIALIZED_AUTOS = YES_AGGRESSIVE;
				GCC_WARN_UNUSED_FUNCTION = YES;
				GCC_WARN_UNUSED_VARIABLE = YES;
				IPHONEOS_DEPLOYMENT_TARGET = 9.0;
				MTL_ENABLE_DEBUG_INFO = NO;
				SDKROOT = iphoneos;
				VALIDATE_PRODUCT = YES;
			};
			name = Release;
		};
		8DDA3F4D1BD211AD00323A48 /* Debug */ = {
			isa = XCBuildConfiguration;
			buildSettings = {
				ASSETCATALOG_COMPILER_APPICON_NAME = AppIcon;
				INFOPLIST_FILE = BoilerMakeIII/Info.plist;
				LD_RUNPATH_SEARCH_PATHS = "$(inherited) @executable_path/Frameworks";
				PRODUCT_BUNDLE_IDENTIFIER = info.yiqin.BoilerMakeIII;
				PRODUCT_NAME = "$(TARGET_NAME)";
			};
			name = Debug;
		};
		8DDA3F4E1BD211AD00323A48 /* Release */ = {
			isa = XCBuildConfiguration;
			buildSettings = {
				ASSETCATALOG_COMPILER_APPICON_NAME = AppIcon;
				INFOPLIST_FILE = BoilerMakeIII/Info.plist;
				LD_RUNPATH_SEARCH_PATHS = "$(inherited) @executable_path/Frameworks";
				PRODUCT_BUNDLE_IDENTIFIER = info.yiqin.BoilerMakeIII;
				PRODUCT_NAME = "$(TARGET_NAME)";
			};
			name = Release;
		};
		8DDA3F501BD211AD00323A48 /* Debug */ = {
			isa = XCBuildConfiguration;
			buildSettings = {
				BUNDLE_LOADER = "$(TEST_HOST)";
				INFOPLIST_FILE = BoilerMakeIIITests/Info.plist;
				LD_RUNPATH_SEARCH_PATHS = "$(inherited) @executable_path/Frameworks @loader_path/Frameworks";
				PRODUCT_BUNDLE_IDENTIFIER = info.yiqin.BoilerMakeIIITests;
				PRODUCT_NAME = "$(TARGET_NAME)";
				TEST_HOST = "$(BUILT_PRODUCTS_DIR)/BoilerMakeIII.app/BoilerMakeIII";
			};
			name = Debug;
		};
		8DDA3F511BD211AD00323A48 /* Release */ = {
			isa = XCBuildConfiguration;
			buildSettings = {
				BUNDLE_LOADER = "$(TEST_HOST)";
				INFOPLIST_FILE = BoilerMakeIIITests/Info.plist;
				LD_RUNPATH_SEARCH_PATHS = "$(inherited) @executable_path/Frameworks @loader_path/Frameworks";
				PRODUCT_BUNDLE_IDENTIFIER = info.yiqin.BoilerMakeIIITests;
				PRODUCT_NAME = "$(TARGET_NAME)";
				TEST_HOST = "$(BUILT_PRODUCTS_DIR)/BoilerMakeIII.app/BoilerMakeIII";
			};
			name = Release;
		};
		8DDA3F531BD211AD00323A48 /* Debug */ = {
			isa = XCBuildConfiguration;
			buildSettings = {
				INFOPLIST_FILE = BoilerMakeIIIUITests/Info.plist;
				LD_RUNPATH_SEARCH_PATHS = "$(inherited) @executable_path/Frameworks @loader_path/Frameworks";
				PRODUCT_BUNDLE_IDENTIFIER = info.yiqin.BoilerMakeIIIUITests;
				PRODUCT_NAME = "$(TARGET_NAME)";
				TEST_TARGET_NAME = BoilerMakeIII;
				USES_XCTRUNNER = YES;
			};
			name = Debug;
		};
		8DDA3F541BD211AD00323A48 /* Release */ = {
			isa = XCBuildConfiguration;
			buildSettings = {
				INFOPLIST_FILE = BoilerMakeIIIUITests/Info.plist;
				LD_RUNPATH_SEARCH_PATHS = "$(inherited) @executable_path/Frameworks @loader_path/Frameworks";
				PRODUCT_BUNDLE_IDENTIFIER = info.yiqin.BoilerMakeIIIUITests;
				PRODUCT_NAME = "$(TARGET_NAME)";
				TEST_TARGET_NAME = BoilerMakeIII;
				USES_XCTRUNNER = YES;
			};
			name = Release;
		};
/* End XCBuildConfiguration section */

/* Begin XCConfigurationList section */
		8DDA3F1F1BD211AD00323A48 /* Build configuration list for PBXProject "BoilerMakeIII" */ = {
			isa = XCConfigurationList;
			buildConfigurations = (
				8DDA3F4A1BD211AD00323A48 /* Debug */,
				8DDA3F4B1BD211AD00323A48 /* Release */,
			);
			defaultConfigurationIsVisible = 0;
			defaultConfigurationName = Release;
		};
		8DDA3F4C1BD211AD00323A48 /* Build configuration list for PBXNativeTarget "BoilerMakeIII" */ = {
			isa = XCConfigurationList;
			buildConfigurations = (
				8DDA3F4D1BD211AD00323A48 /* Debug */,
				8DDA3F4E1BD211AD00323A48 /* Release */,
			);
			defaultConfigurationIsVisible = 0;
		};
		8DDA3F4F1BD211AD00323A48 /* Build configuration list for PBXNativeTarget "BoilerMakeIIITests" */ = {
			isa = XCConfigurationList;
			buildConfigurations = (
				8DDA3F501BD211AD00323A48 /* Debug */,
				8DDA3F511BD211AD00323A48 /* Release */,
			);
			defaultConfigurationIsVisible = 0;
		};
		8DDA3F521BD211AD00323A48 /* Build configuration list for PBXNativeTarget "BoilerMakeIIIUITests" */ = {
			isa = XCConfigurationList;
			buildConfigurations = (
				8DDA3F531BD211AD00323A48 /* Debug */,
				8DDA3F541BD211AD00323A48 /* Release */,
			);
			defaultConfigurationIsVisible = 0;
		};
/* End XCConfigurationList section */
	};
	rootObject = 8DDA3F1C1BD211AD00323A48 /* Project object */;
}
